
Microsoft Visual Studio Solution File, Format Version 12.00
# Visual Studio Version 16
VisualStudioVersion = 16.0.30621.155
MinimumVisualStudioVersion = 10.0.40219.1
Project("{FAE04EC0-301F-11D3-BF4B-00C04F79EFBC}") = "Ordenacao", "Ordenacao\Ordenacao.csproj", "{5C4803E1-CF05-47EB-B1E4-F3C55804449C}"
EndProject
Global
	GlobalSection(SolutionConfigurationPlatforms) = preSolution
		Debug|Any CPU = Debug|Any CPU
		Release|Any CPU = Release|Any CPU
	EndGlobalSection
	GlobalSection(ProjectConfigurationPlatforms) = postSolution
		{5C4803E1-CF05-47EB-B1E4-F3C55804449C}.Debug|Any CPU.ActiveCfg = Debug|Any CPU
		{5C4803E1-CF05-47EB-B1E4-F3C55804449C}.Debug|Any CPU.Build.0 = Debug|Any CPU
		{5C4803E1-CF05-47EB-B1E4-F3C55804449C}.Release|Any CPU.ActiveCfg = Release|Any CPU
		{5C4803E1-CF05-47EB-B1E4-F3C55804449C}.Release|Any CPU.Build.0 = Release|Any CPU
	EndGlobalSection
	GlobalSection(SolutionProperties) = preSolution
		HideSolutionNode = FALSE
	EndGlobalSection
	GlobalSection(ExtensibilityGlobals) = postSolution
		SolutionGuid = {473A95C3-DA2A-4BCA-9AB3-AD6BB6AC295D}
	EndGlobalSection
EndGlobal
